
Microsoft Visual Studio Solution File, Format Version 12.00
# Visual Studio Version 17
VisualStudioVersion = 17.3.32804.467
MinimumVisualStudioVersion = 10.0.40219.1
Project("{9A19103F-16F7-4668-BE54-9A1E7A4F7556}") = "CustomerTransaction", "CustomerTransaction\CustomerTransaction.csproj", "{524ED8A9-15CC-4143-8EFF-E5E2C59A176F}"
EndProject
Project("{9A19103F-16F7-4668-BE54-9A1E7A4F7556}") = "CustomerTransactionApp.Service", "CustomerTransactionApp.Service\CustomerTransactionApp.Service.csproj", "{7A9DEB66-504B-4BA1-A64D-193AEB149100}"
EndProject
Project("{E53339B2-1760-4266-BCC7-CA923CBCF16C}") = "docker-compose", "docker-compose.dcproj", "{F9CE72FB-3E4F-4905-B276-9C312F6AD51C}"
EndProject
Global
	GlobalSection(SolutionConfigurationPlatforms) = preSolution
		Debug|Any CPU = Debug|Any CPU
		Release|Any CPU = Release|Any CPU
	EndGlobalSection
	GlobalSection(ProjectConfigurationPlatforms) = postSolution
		{524ED8A9-15CC-4143-8EFF-E5E2C59A176F}.Debug|Any CPU.ActiveCfg = Debug|Any CPU
		{524ED8A9-15CC-4143-8EFF-E5E2C59A176F}.Debug|Any CPU.Build.0 = Debug|Any CPU
		{524ED8A9-15CC-4143-8EFF-E5E2C59A176F}.Release|Any CPU.ActiveCfg = Release|Any CPU
		{524ED8A9-15CC-4143-8EFF-E5E2C59A176F}.Release|Any CPU.Build.0 = Release|Any CPU
		{7A9DEB66-504B-4BA1-A64D-193AEB149100}.Debug|Any CPU.ActiveCfg = Debug|Any CPU
		{7A9DEB66-504B-4BA1-A64D-193AEB149100}.Debug|Any CPU.Build.0 = Debug|Any CPU
		{7A9DEB66-504B-4BA1-A64D-193AEB149100}.Release|Any CPU.ActiveCfg = Release|Any CPU
		{7A9DEB66-504B-4BA1-A64D-193AEB149100}.Release|Any CPU.Build.0 = Release|Any CPU
		{F9CE72FB-3E4F-4905-B276-9C312F6AD51C}.Debug|Any CPU.ActiveCfg = Debug|Any CPU
		{F9CE72FB-3E4F-4905-B276-9C312F6AD51C}.Debug|Any CPU.Build.0 = Debug|Any CPU
		{F9CE72FB-3E4F-4905-B276-9C312F6AD51C}.Release|Any CPU.ActiveCfg = Release|Any CPU
		{F9CE72FB-3E4F-4905-B276-9C312F6AD51C}.Release|Any CPU.Build.0 = Release|Any CPU
	EndGlobalSection
	GlobalSection(SolutionProperties) = preSolution
		HideSolutionNode = FALSE
	EndGlobalSection
	GlobalSection(ExtensibilityGlobals) = postSolution
		SolutionGuid = {6CADDC79-9950-4931-BD6D-5A4275778C69}
	EndGlobalSection
EndGlobal
